
Microsoft Visual Studio Solution File, Format Version 12.00
# Visual Studio 15
VisualStudioVersion = 15.0.26228.10
MinimumVisualStudioVersion = 10.0.40219.1
Project("{FAE04EC0-301F-11D3-BF4B-00C04F79EFBC}") = "MsgMgr", "MessageManager\MsgMgr.csproj", "{63793231-213F-4F9B-BBD6-E8DC06ADA67C}"
EndProject
Project("{FAE04EC0-301F-11D3-BF4B-00C04F79EFBC}") = "MessageManagerClient", "MessageManagerTester1\MessageManagerClient.csproj", "{6BD3CF6A-D5BE-4060-AC13-0B7D438815C0}"
EndProject
Project("{FAE04EC0-301F-11D3-BF4B-00C04F79EFBC}") = "MessageManagerServer", "MessageManagerServer\MessageManagerServer.csproj", "{CADFB567-F27B-4F9F-BCCF-159881FB8B5D}"
EndProject
Global
	GlobalSection(SolutionConfigurationPlatforms) = preSolution
		Debug|Any CPU = Debug|Any CPU
		Release|Any CPU = Release|Any CPU
	EndGlobalSection
	GlobalSection(ProjectConfigurationPlatforms) = postSolution
		{63793231-213F-4F9B-BBD6-E8DC06ADA67C}.Debug|Any CPU.ActiveCfg = Debug|Any CPU
		{63793231-213F-4F9B-BBD6-E8DC06ADA67C}.Debug|Any CPU.Build.0 = Debug|Any CPU
		{63793231-213F-4F9B-BBD6-E8DC06ADA67C}.Release|Any CPU.ActiveCfg = Release|Any CPU
		{63793231-213F-4F9B-BBD6-E8DC06ADA67C}.Release|Any CPU.Build.0 = Release|Any CPU
		{6BD3CF6A-D5BE-4060-AC13-0B7D438815C0}.Debug|Any CPU.ActiveCfg = Debug|Any CPU
		{6BD3CF6A-D5BE-4060-AC13-0B7D438815C0}.Debug|Any CPU.Build.0 = Debug|Any CPU
		{6BD3CF6A-D5BE-4060-AC13-0B7D438815C0}.Release|Any CPU.ActiveCfg = Release|Any CPU
		{6BD3CF6A-D5BE-4060-AC13-0B7D438815C0}.Release|Any CPU.Build.0 = Release|Any CPU
		{CADFB567-F27B-4F9F-BCCF-159881FB8B5D}.Debug|Any CPU.ActiveCfg = Debug|Any CPU
		{CADFB567-F27B-4F9F-BCCF-159881FB8B5D}.Debug|Any CPU.Build.0 = Debug|Any CPU
		{CADFB567-F27B-4F9F-BCCF-159881FB8B5D}.Release|Any CPU.ActiveCfg = Release|Any CPU
		{CADFB567-F27B-4F9F-BCCF-159881FB8B5D}.Release|Any CPU.Build.0 = Release|Any CPU
	EndGlobalSection
	GlobalSection(SolutionProperties) = preSolution
		HideSolutionNode = FALSE
	EndGlobalSection
EndGlobal
